Microsoft Visual Studio Solution File, Format Version 11.00
# Visual Studio 2008

Project("{169ECBDA-B5B2-DBA7-E086-01A4F28FB539}") = "EndOfSummer", "Assembly-CSharp-Editor.csproj", "{13AEE6B1-712C-CE82-72E0-55C5BA8CD3FD}"
EndProject
Project("{169ECBDA-B5B2-DBA7-E086-01A4F28FB539}") = "EndOfSummer", "Assembly-UnityScript.unityproj", "{6C27C715-184C-F939-48B1-026F5015209E}"
EndProject
Project("{169ECBDA-B5B2-DBA7-E086-01A4F28FB539}") = "EndOfSummer", "Assembly-UnityScript-Editor.unityproj", "{89CB1D9A-F992-5A4D-BB28-1C15AF1B7905}"
EndProject
Global
	GlobalSection(SolutionConfigurationPlatforms) = preSolution
		Debug|Any CPU = Debug|Any CPU
		Release|Any CPU = Release|Any CPU
	EndGlobalSection
	GlobalSection(ProjectConfigurationPlatforms) = postSolution
		{13AEE6B1-712C-CE82-72E0-55C5BA8CD3FD}.Debug|Any CPU.ActiveCfg = Debug|Any CPU
		{13AEE6B1-712C-CE82-72E0-55C5BA8CD3FD}.Debug|Any CPU.Build.0 = Debug|Any CPU
		{13AEE6B1-712C-CE82-72E0-55C5BA8CD3FD}.Release|Any CPU.ActiveCfg = Release|Any CPU
		{13AEE6B1-712C-CE82-72E0-55C5BA8CD3FD}.Release|Any CPU.Build.0 = Release|Any CPU
		{6C27C715-184C-F939-48B1-026F5015209E}.Debug|Any CPU.ActiveCfg = Debug|Any CPU
		{6C27C715-184C-F939-48B1-026F5015209E}.Debug|Any CPU.Build.0 = Debug|Any CPU
		{6C27C715-184C-F939-48B1-026F5015209E}.Release|Any CPU.ActiveCfg = Release|Any CPU
		{6C27C715-184C-F939-48B1-026F5015209E}.Release|Any CPU.Build.0 = Release|Any CPU
		{89CB1D9A-F992-5A4D-BB28-1C15AF1B7905}.Debug|Any CPU.ActiveCfg = Debug|Any CPU
		{89CB1D9A-F992-5A4D-BB28-1C15AF1B7905}.Debug|Any CPU.Build.0 = Debug|Any CPU
		{89CB1D9A-F992-5A4D-BB28-1C15AF1B7905}.Release|Any CPU.ActiveCfg = Release|Any CPU
		{89CB1D9A-F992-5A4D-BB28-1C15AF1B7905}.Release|Any CPU.Build.0 = Release|Any CPU
	EndGlobalSection
	GlobalSection(SolutionProperties) = preSolution
		HideSolutionNode = FALSE
	EndGlobalSection
																				GlobalSection(MonoDevelopProperties) = preSolution
		StartupItem = Assembly-CSharp.csproj
		Policies = $0
		$0.TextStylePolicy = $1
		$1.inheritsSet = null
		$1.scope = text/x-csharp
		$0.CSharpFormattingPolicy = $2
		$2.inheritsSet = Mono
		$2.inheritsScope = text/x-csharp
		$2.scope = text/x-csharp
		$0.TextStylePolicy = $3
		$3.FileWidth = 120
		$3.TabWidth = 4
		$3.EolMarker = Unix
		$3.inheritsSet = Mono
		$3.inheritsScope = text/plain
		$3.scope = text/plain
	EndGlobalSection

EndGlobal
